// !$*UTF8*$!
{
	archiveVersion = 1;
	classes = {
	};
	objectVersion = 56;
	objects = {

/* Begin PBXBuildFile section */
		1F89EC57DB3638CB622779CA /* Pods_yumehyakuTests.framework in Frameworks */ = {isa = PBXBuildFile; fileRef = 65CCE841125AFB93CDE63CF0 /* Pods_yumehyakuTests.framework */; };
		3B70D2942A17D17800D333BA /* InputGoalViewController.swift in Sources */ = {isa = PBXBuildFile; fileRef = 3B70D2932A17D17800D333BA /* InputGoalViewController.swift */; };
		3B70D2962A17D1C200D333BA /* InputGoalViewController.storyboard in Resources */ = {isa = PBXBuildFile; fileRef = 3B70D2952A17D1C200D333BA /* InputGoalViewController.storyboard */; };
		3B70D2992A1D074200D333BA /* messageAlert.swift in Sources */ = {isa = PBXBuildFile; fileRef = 3B70D2982A1D074200D333BA /* messageAlert.swift */; };
		3BAE24082A127B88004BB955 /* AppDelegate.swift in Sources */ = {isa = PBXBuildFile; fileRef = 3BAE24072A127B88004BB955 /* AppDelegate.swift */; };
		3BAE240A2A127B88004BB955 /* SceneDelegate.swift in Sources */ = {isa = PBXBuildFile; fileRef = 3BAE24092A127B88004BB955 /* SceneDelegate.swift */; };
		3BAE240C2A127B88004BB955 /* TopViewController.swift in Sources */ = {isa = PBXBuildFile; fileRef = 3BAE240B2A127B88004BB955 /* TopViewController.swift */; };
		3BAE240F2A127B88004BB955 /* Main.storyboard in Resources */ = {isa = PBXBuildFile; fileRef = 3BAE240D2A127B88004BB955 /* Main.storyboard */; };
		3BAE24112A127B8A004BB955 /* Assets.xcassets in Resources */ = {isa = PBXBuildFile; fileRef = 3BAE24102A127B8A004BB955 /* Assets.xcassets */; };
		3BAE24142A127B8A004BB955 /* LaunchScreen.storyboard in Resources */ = {isa = PBXBuildFile; fileRef = 3BAE24122A127B8A004BB955 /* LaunchScreen.storyboard */; };
		3BAE241F2A127B8B004BB955 /* yumehyakuTests.swift in Sources */ = {isa = PBXBuildFile; fileRef = 3BAE241E2A127B8B004BB955 /* yumehyakuTests.swift */; };
		3BAE24292A127B8B004BB955 /* yumehyakuUITests.swift in Sources */ = {isa = PBXBuildFile; fileRef = 3BAE24282A127B8B004BB955 /* yumehyakuUITests.swift */; };
		3BAE242B2A127B8B004BB955 /* yumehyakuUITestsLaunchTests.swift in Sources */ = {isa = PBXBuildFile; fileRef = 3BAE242A2A127B8B004BB955 /* yumehyakuUITestsLaunchTests.swift */; };
		3BBAE5A62A1529960081B0DA /* YumelistCell.swift in Sources */ = {isa = PBXBuildFile; fileRef = 3BBAE5A52A1529960081B0DA /* YumelistCell.swift */; };
		3BC7D7832A166A4A00428D14 /* Yume.swift in Sources */ = {isa = PBXBuildFile; fileRef = 3BC7D7822A166A4A00428D14 /* Yume.swift */; };
		3BC7D7852A166E3600428D14 /* YumeViewModel.swift in Sources */ = {isa = PBXBuildFile; fileRef = 3BC7D7842A166E3600428D14 /* YumeViewModel.swift */; };
		85073AF998795FA98ED931E3 /* Pods_yumehyaku.framework in Frameworks */ = {isa = PBXBuildFile; fileRef = EA966A66A2B07400D5A20CDC /* Pods_yumehyaku.framework */; };
		FA47D3B42E2BFB0045082282 /* Pods_yumehyaku_yumehyakuUITests.framework in Frameworks */ = {isa = PBXBuildFile; fileRef = 355B0CD6770500F02F3D62EC /* Pods_yumehyaku_yumehyakuUITests.framework */; };
/* End PBXBuildFile section */

/* Begin PBXContainerItemProxy section */
		3BAE241B2A127B8B004BB955 /* PBXContainerItemProxy */ = {
			isa = PBXContainerItemProxy;
			containerPortal = 3BAE23FC2A127B88004BB955 /* Project object */;
			proxyType = 1;
			remoteGlobalIDString = 3BAE24032A127B88004BB955;
			remoteInfo = yumehyaku;
		};
		3BAE24252A127B8B004BB955 /* PBXContainerItemProxy */ = {
			isa = PBXContainerItemProxy;
			containerPortal = 3BAE23FC2A127B88004BB955 /* Project object */;
			proxyType = 1;
			remoteGlobalIDString = 3BAE24032A127B88004BB955;
			remoteInfo = yumehyaku;
		};
/* End PBXContainerItemProxy section */

/* Begin PBXFileReference section */
		33121BAB5E7E90DB87B97BB0 /* Pods-yumehyaku.debug.xcconfig */ = {isa = PBXFileReference; includeInIndex = 1; lastKnownFileType = text.xcconfig; name = "Pods-yumehyaku.debug.xcconfig"; path = "Target Support Files/Pods-yumehyaku/Pods-yumehyaku.debug.xcconfig"; sourceTree = "<group>"; };
		355B0CD6770500F02F3D62EC /* Pods_yumehyaku_yumehyakuUITests.framework */ = {isa = PBXFileReference; explicitFileType = wrapper.framework; includeInIndex = 0; path = Pods_yumehyaku_yumehyakuUITests.framework; sourceTree = BUILT_PRODUCTS_DIR; };
		3B70D2932A17D17800D333BA /* InputGoalViewController.swift */ = {isa = PBXFileReference; lastKnownFileType = sourcecode.swift; path = InputGoalViewController.swift; sourceTree = "<group>"; };
		3B70D2952A17D1C200D333BA /* InputGoalViewController.storyboard */ = {isa = PBXFileReference; lastKnownFileType = file.storyboard; path = InputGoalViewController.storyboard; sourceTree = "<group>"; };
		3B70D2982A1D074200D333BA /* messageAlert.swift */ = {isa = PBXFileReference; fileEncoding = 4; lastKnownFileType = sourcecode.swift; path = messageAlert.swift; sourceTree = "<group>"; };
		3BAE24042A127B88004BB955 /* yumehyaku.app */ = {isa = PBXFileReference; explicitFileType = wrapper.application; includeInIndex = 0; path = yumehyaku.app; sourceTree = BUILT_PRODUCTS_DIR; };
		3BAE24072A127B88004BB955 /* AppDelegate.swift */ = {isa = PBXFileReference; lastKnownFileType = sourcecode.swift; path = AppDelegate.swift; sourceTree = "<group>"; };
		3BAE24092A127B88004BB955 /* SceneDelegate.swift */ = {isa = PBXFileReference; lastKnownFileType = sourcecode.swift; path = SceneDelegate.swift; sourceTree = "<group>"; };
		3BAE240B2A127B88004BB955 /* TopViewController.swift */ = {isa = PBXFileReference; lastKnownFileType = sourcecode.swift; path = TopViewController.swift; sourceTree = "<group>"; };
		3BAE240E2A127B88004BB955 /* Base */ = {isa = PBXFileReference; lastKnownFileType = file.storyboard; name = Base; path = Base.lproj/Main.storyboard; sourceTree = "<group>"; };
		3BAE24102A127B8A004BB955 /* Assets.xcassets */ = {isa = PBXFileReference; lastKnownFileType = folder.assetcatalog; path = Assets.xcassets; sourceTree = "<group>"; };
		3BAE24132A127B8A004BB955 /* Base */ = {isa = PBXFileReference; lastKnownFileType = file.storyboard; name = Base; path = Base.lproj/LaunchScreen.storyboard; sourceTree = "<group>"; };
		3BAE24152A127B8A004BB955 /* Info.plist */ = {isa = PBXFileReference; lastKnownFileType = text.plist.xml; path = Info.plist; sourceTree = "<group>"; };
		3BAE241A2A127B8B004BB955 /* yumehyakuTests.xctest */ = {isa = PBXFileReference; explicitFileType = wrapper.cfbundle; includeInIndex = 0; path = yumehyakuTests.xctest; sourceTree = BUILT_PRODUCTS_DIR; };
		3BAE241E2A127B8B004BB955 /* yumehyakuTests.swift */ = {isa = PBXFileReference; lastKnownFileType = sourcecode.swift; path = yumehyakuTests.swift; sourceTree = "<group>"; };
		3BAE24242A127B8B004BB955 /* yumehyakuUITests.xctest */ = {isa = PBXFileReference; explicitFileType = wrapper.cfbundle; includeInIndex = 0; path = yumehyakuUITests.xctest; sourceTree = BUILT_PRODUCTS_DIR; };
		3BAE24282A127B8B004BB955 /* yumehyakuUITests.swift */ = {isa = PBXFileReference; lastKnownFileType = sourcecode.swift; path = yumehyakuUITests.swift; sourceTree = "<group>"; };
		3BAE242A2A127B8B004BB955 /* yumehyakuUITestsLaunchTests.swift */ = {isa = PBXFileReference; lastKnownFileType = sourcecode.swift; path = yumehyakuUITestsLaunchTests.swift; sourceTree = "<group>"; };
		3BBAE5A52A1529960081B0DA /* YumelistCell.swift */ = {isa = PBXFileReference; lastKnownFileType = sourcecode.swift; path = YumelistCell.swift; sourceTree = "<group>"; };
		3BC7D7822A166A4A00428D14 /* Yume.swift */ = {isa = PBXFileReference; lastKnownFileType = sourcecode.swift; path = Yume.swift; sourceTree = "<group>"; };
		3BC7D7842A166E3600428D14 /* YumeViewModel.swift */ = {isa = PBXFileReference; lastKnownFileType = sourcecode.swift; path = YumeViewModel.swift; sourceTree = "<group>"; };
		65CCE841125AFB93CDE63CF0 /* Pods_yumehyakuTests.framework */ = {isa = PBXFileReference; explicitFileType = wrapper.framework; includeInIndex = 0; path = Pods_yumehyakuTests.framework; sourceTree = BUILT_PRODUCTS_DIR; };
		AAFB77F420ED5B76F127D6FE /* Pods-yumehyaku.release.xcconfig */ = {isa = PBXFileReference; includeInIndex = 1; lastKnownFileType = text.xcconfig; name = "Pods-yumehyaku.release.xcconfig"; path = "Target Support Files/Pods-yumehyaku/Pods-yumehyaku.release.xcconfig"; sourceTree = "<group>"; };
		AB09910A3E8B356ABD4DAE25 /* Pods-yumehyaku-yumehyakuUITests.release.xcconfig */ = {isa = PBXFileReference; includeInIndex = 1; lastKnownFileType = text.xcconfig; name = "Pods-yumehyaku-yumehyakuUITests.release.xcconfig"; path = "Target Support Files/Pods-yumehyaku-yumehyakuUITests/Pods-yumehyaku-yumehyakuUITests.release.xcconfig"; sourceTree = "<group>"; };
		C3FFCE2C32C68F07378EDFCE /* Pods-yumehyakuTests.release.xcconfig */ = {isa = PBXFileReference; includeInIndex = 1; lastKnownFileType = text.xcconfig; name = "Pods-yumehyakuTests.release.xcconfig"; path = "Target Support Files/Pods-yumehyakuTests/Pods-yumehyakuTests.release.xcconfig"; sourceTree = "<group>"; };
		D857F7D025320E00A7BBFFF3 /* Pods-yumehyaku-yumehyakuUITests.debug.xcconfig */ = {isa = PBXFileReference; includeInIndex = 1; lastKnownFileType = text.xcconfig; name = "Pods-yumehyaku-yumehyakuUITests.debug.xcconfig"; path = "Target Support Files/Pods-yumehyaku-yumehyakuUITests/Pods-yumehyaku-yumehyakuUITests.debug.xcconfig"; sourceTree = "<group>"; };
		E876996DF000BE70D2403A92 /* Pods-yumehyakuTests.debug.xcconfig */ = {isa = PBXFileReference; includeInIndex = 1; lastKnownFileType = text.xcconfig; name = "Pods-yumehyakuTests.debug.xcconfig"; path = "Target Support Files/Pods-yumehyakuTests/Pods-yumehyakuTests.debug.xcconfig"; sourceTree = "<group>"; };
		EA966A66A2B07400D5A20CDC /* Pods_yumehyaku.framework */ = {isa = PBXFileReference; explicitFileType = wrapper.framework; includeInIndex = 0; path = Pods_yumehyaku.framework; sourceTree = BUILT_PRODUCTS_DIR; };
/* End PBXFileReference section */

/* Begin PBXFrameworksBuildPhase section */
		3BAE24012A127B88004BB955 /* Frameworks */ = {
			isa = PBXFrameworksBuildPhase;
			buildActionMask = 2147483647;
			files = (
				85073AF998795FA98ED931E3 /* Pods_yumehyaku.framework in Frameworks */,
			);
			runOnlyForDeploymentPostprocessing = 0;
		};
		3BAE24172A127B8B004BB955 /* Frameworks */ = {
			isa = PBXFrameworksBuildPhase;
			buildActionMask = 2147483647;
			files = (
				1F89EC57DB3638CB622779CA /* Pods_yumehyakuTests.framework in Frameworks */,
			);
			runOnlyForDeploymentPostprocessing = 0;
		};
		3BAE24212A127B8B004BB955 /* Frameworks */ = {
			isa = PBXFrameworksBuildPhase;
			buildActionMask = 2147483647;
			files = (
				FA47D3B42E2BFB0045082282 /* Pods_yumehyaku_yumehyakuUITests.framework in Frameworks */,
			);
			runOnlyForDeploymentPostprocessing = 0;
		};
/* End PBXFrameworksBuildPhase section */

/* Begin PBXGroup section */
		3B70D2922A17D13500D333BA /* InputGoalViewController */ = {
			isa = PBXGroup;
			children = (
				3B70D2932A17D17800D333BA /* InputGoalViewController.swift */,
				3B70D2952A17D1C200D333BA /* InputGoalViewController.storyboard */,
			);
			path = InputGoalViewController;
			sourceTree = "<group>";
		};
		3B70D2972A1D071900D333BA /* Util */ = {
			isa = PBXGroup;
			children = (
				3B70D2982A1D074200D333BA /* messageAlert.swift */,
			);
			path = Util;
			sourceTree = "<group>";
		};
		3BAE23FB2A127B88004BB955 = {
			isa = PBXGroup;
			children = (
				3BAE24062A127B88004BB955 /* yumehyaku */,
				3BAE241D2A127B8B004BB955 /* yumehyakuTests */,
				3BAE24272A127B8B004BB955 /* yumehyakuUITests */,
				3BAE24052A127B88004BB955 /* Products */,
				499C6DF8BD62EE31DFDCBFA2 /* Pods */,
				83C1A258571253B7FEC5FBB5 /* Frameworks */,
			);
			sourceTree = "<group>";
		};
		3BAE24052A127B88004BB955 /* Products */ = {
			isa = PBXGroup;
			children = (
				3BAE24042A127B88004BB955 /* yumehyaku.app */,
				3BAE241A2A127B8B004BB955 /* yumehyakuTests.xctest */,
				3BAE24242A127B8B004BB955 /* yumehyakuUITests.xctest */,
			);
			name = Products;
			sourceTree = "<group>";
		};
		3BAE24062A127B88004BB955 /* yumehyaku */ = {
			isa = PBXGroup;
			children = (
				3B70D2972A1D071900D333BA /* Util */,
				3BAE24392A127C6C004BB955 /* Model */,
				3BAE24382A127C62004BB955 /* ViewModel */,
				3BAE24372A127C59004BB955 /* ViewController */,
				3BAE24072A127B88004BB955 /* AppDelegate.swift */,
				3BAE24092A127B88004BB955 /* SceneDelegate.swift */,
				3BAE24102A127B8A004BB955 /* Assets.xcassets */,
				3BAE24122A127B8A004BB955 /* LaunchScreen.storyboard */,
				3BAE24152A127B8A004BB955 /* Info.plist */,
			);
			path = yumehyaku;
			sourceTree = "<group>";
		};
		3BAE241D2A127B8B004BB955 /* yumehyakuTests */ = {
			isa = PBXGroup;
			children = (
				3BAE241E2A127B8B004BB955 /* yumehyakuTests.swift */,
			);
			path = yumehyakuTests;
			sourceTree = "<group>";
		};
		3BAE24272A127B8B004BB955 /* yumehyakuUITests */ = {
			isa = PBXGroup;
			children = (
				3BAE24282A127B8B004BB955 /* yumehyakuUITests.swift */,
				3BAE242A2A127B8B004BB955 /* yumehyakuUITestsLaunchTests.swift */,
			);
			path = yumehyakuUITests;
			sourceTree = "<group>";
		};
		3BAE24372A127C59004BB955 /* ViewController */ = {
			isa = PBXGroup;
			children = (
				3BBAE5A42A15296D0081B0DA /* TableViewCell */,
				3B70D2922A17D13500D333BA /* InputGoalViewController */,
				3BAE243A2A127CDF004BB955 /* TopViewController */,
			);
			path = ViewController;
			sourceTree = "<group>";
		};
		3BAE24382A127C62004BB955 /* ViewModel */ = {
			isa = PBXGroup;
			children = (
				3BC7D7842A166E3600428D14 /* YumeViewModel.swift */,
			);
			path = ViewModel;
			sourceTree = "<group>";
		};
		3BAE24392A127C6C004BB955 /* Model */ = {
			isa = PBXGroup;
			children = (
				3BC7D7822A166A4A00428D14 /* Yume.swift */,
			);
			path = Model;
			sourceTree = "<group>";
		};
		3BAE243A2A127CDF004BB955 /* TopViewController */ = {
			isa = PBXGroup;
			children = (
				3BAE240D2A127B88004BB955 /* Main.storyboard */,
				3BAE240B2A127B88004BB955 /* TopViewController.swift */,
			);
			path = TopViewController;
			sourceTree = "<group>";
		};
		3BBAE5A42A15296D0081B0DA /* TableViewCell */ = {
			isa = PBXGroup;
			children = (
				3BBAE5A52A1529960081B0DA /* YumelistCell.swift */,
			);
			path = TableViewCell;
			sourceTree = "<group>";
		};
		499C6DF8BD62EE31DFDCBFA2 /* Pods */ = {
			isa = PBXGroup;
			children = (
				33121BAB5E7E90DB87B97BB0 /* Pods-yumehyaku.debug.xcconfig */,
				AAFB77F420ED5B76F127D6FE /* Pods-yumehyaku.release.xcconfig */,
				D857F7D025320E00A7BBFFF3 /* Pods-yumehyaku-yumehyakuUITests.debug.xcconfig */,
				AB09910A3E8B356ABD4DAE25 /* Pods-yumehyaku-yumehyakuUITests.release.xcconfig */,
				E876996DF000BE70D2403A92 /* Pods-yumehyakuTests.debug.xcconfig */,
				C3FFCE2C32C68F07378EDFCE /* Pods-yumehyakuTests.release.xcconfig */,
			);
			path = Pods;
			sourceTree = "<group>";
		};
		83C1A258571253B7FEC5FBB5 /* Frameworks */ = {
			isa = PBXGroup;
			children = (
				EA966A66A2B07400D5A20CDC /* Pods_yumehyaku.framework */,
				355B0CD6770500F02F3D62EC /* Pods_yumehyaku_yumehyakuUITests.framework */,
				65CCE841125AFB93CDE63CF0 /* Pods_yumehyakuTests.framework */,
			);
			name = Frameworks;
			sourceTree = "<group>";
		};
/* End PBXGroup section */

/* Begin PBXNativeTarget section */
		3BAE24032A127B88004BB955 /* yumehyaku */ = {
			isa = PBXNativeTarget;
			buildConfigurationList = 3BAE242E2A127B8B004BB955 /* Build configuration list for PBXNativeTarget "yumehyaku" */;
			buildPhases = (
				5E9528EBB68FE570896C666A /* [CP] Check Pods Manifest.lock */,
				3BAE24002A127B88004BB955 /* Sources */,
				3BAE24012A127B88004BB955 /* Frameworks */,
				3BAE24022A127B88004BB955 /* Resources */,
				19AA91A7E8A4875C9E24A7F8 /* [CP] Embed Pods Frameworks */,
			);
			buildRules = (
			);
			dependencies = (
			);
			name = yumehyaku;
			productName = yumehyaku;
			productReference = 3BAE24042A127B88004BB955 /* yumehyaku.app */;
			productType = "com.apple.product-type.application";
		};
		3BAE24192A127B8B004BB955 /* yumehyakuTests */ = {
			isa = PBXNativeTarget;
			buildConfigurationList = 3BAE24312A127B8B004BB955 /* Build configuration list for PBXNativeTarget "yumehyakuTests" */;
			buildPhases = (
				7C03002D6C5EF71CCD4D65ED /* [CP] Check Pods Manifest.lock */,
				3BAE24162A127B8B004BB955 /* Sources */,
				3BAE24172A127B8B004BB955 /* Frameworks */,
				3BAE24182A127B8B004BB955 /* Resources */,
			);
			buildRules = (
			);
			dependencies = (
				3BAE241C2A127B8B004BB955 /* PBXTargetDependency */,
			);
			name = yumehyakuTests;
			productName = yumehyakuTests;
			productReference = 3BAE241A2A127B8B004BB955 /* yumehyakuTests.xctest */;
			productType = "com.apple.product-type.bundle.unit-test";
		};
		3BAE24232A127B8B004BB955 /* yumehyakuUITests */ = {
			isa = PBXNativeTarget;
			buildConfigurationList = 3BAE24342A127B8B004BB955 /* Build configuration list for PBXNativeTarget "yumehyakuUITests" */;
			buildPhases = (
				27E1FD090DB9FF18E0CF7E59 /* [CP] Check Pods Manifest.lock */,
				3BAE24202A127B8B004BB955 /* Sources */,
				3BAE24212A127B8B004BB955 /* Frameworks */,
				3BAE24222A127B8B004BB955 /* Resources */,
				5CB0E1072EC46C1AC3199805 /* [CP] Embed Pods Frameworks */,
			);
			buildRules = (
			);
			dependencies = (
				3BAE24262A127B8B004BB955 /* PBXTargetDependency */,
			);
			name = yumehyakuUITests;
			productName = yumehyakuUITests;
			productReference = 3BAE24242A127B8B004BB955 /* yumehyakuUITests.xctest */;
			productType = "com.apple.product-type.bundle.ui-testing";
		};
/* End PBXNativeTarget section */

/* Begin PBXProject section */
		3BAE23FC2A127B88004BB955 /* Project object */ = {
			isa = PBXProject;
			attributes = {
				BuildIndependentTargetsInParallel = 1;
				LastSwiftUpdateCheck = 1420;
				LastUpgradeCheck = 1420;
				TargetAttributes = {
					3BAE24032A127B88004BB955 = {
						CreatedOnToolsVersion = 14.2;
					};
					3BAE24192A127B8B004BB955 = {
						CreatedOnToolsVersion = 14.2;
						TestTargetID = 3BAE24032A127B88004BB955;
					};
					3BAE24232A127B8B004BB955 = {
						CreatedOnToolsVersion = 14.2;
						TestTargetID = 3BAE24032A127B88004BB955;
					};
				};
			};
			buildConfigurationList = 3BAE23FF2A127B88004BB955 /* Build configuration list for PBXProject "yumehyaku" */;
			compatibilityVersion = "Xcode 14.0";
			developmentRegion = en;
			hasScannedForEncodings = 0;
			knownRegions = (
				en,
				Base,
			);
			mainGroup = 3BAE23FB2A127B88004BB955;
			productRefGroup = 3BAE24052A127B88004BB955 /* Products */;
			projectDirPath = "";
			projectRoot = "";
			targets = (
				3BAE24032A127B88004BB955 /* yumehyaku */,
				3BAE24192A127B8B004BB955 /* yumehyakuTests */,
				3BAE24232A127B8B004BB955 /* yumehyakuUITests */,
			);
		};
/* End PBXProject section */

/* Begin PBXResourcesBuildPhase section */
		3BAE24022A127B88004BB955 /* Resources */ = {
			isa = PBXResourcesBuildPhase;
			buildActionMask = 2147483647;
			files = (
				3BAE24142A127B8A004BB955 /* LaunchScreen.storyboard in Resources */,
				3BAE24112A127B8A004BB955 /* Assets.xcassets in Resources */,
				3BAE240F2A127B88004BB955 /* Main.storyboard in Resources */,
				3B70D2962A17D1C200D333BA /* InputGoalViewController.storyboard in Resources */,
			);
			runOnlyForDeploymentPostprocessing = 0;
		};
		3BAE24182A127B8B004BB955 /* Resources */ = {
			isa = PBXResourcesBuildPhase;
			buildActionMask = 2147483647;
			files = (
			);
			runOnlyForDeploymentPostprocessing = 0;
		};
		3BAE24222A127B8B004BB955 /* Resources */ = {
			isa = PBXResourcesBuildPhase;
			buildActionMask = 2147483647;
			files = (
			);
			runOnlyForDeploymentPostprocessing = 0;
		};
/* End PBXResourcesBuildPhase section */

/* Begin PBXShellScriptBuildPhase section */
		19AA91A7E8A4875C9E24A7F8 /* [CP] Embed Pods Frameworks */ = {
			isa = PBXShellScriptBuildPhase;
			buildActionMask = 2147483647;
			files = (
			);
			inputFileListPaths = (
				"${PODS_ROOT}/Target Support Files/Pods-yumehyaku/Pods-yumehyaku-frameworks-${CONFIGURATION}-input-files.xcfilelist",
			);
			name = "[CP] Embed Pods Frameworks";
			outputFileListPaths = (
				"${PODS_ROOT}/Target Support Files/Pods-yumehyaku/Pods-yumehyaku-frameworks-${CONFIGURATION}-output-files.xcfilelist",
			);
			runOnlyForDeploymentPostprocessing = 0;
			shellPath = /bin/sh;
			shellScript = "\"${PODS_ROOT}/Target Support Files/Pods-yumehyaku/Pods-yumehyaku-frameworks.sh\"\n";
			showEnvVarsInLog = 0;
		};
		27E1FD090DB9FF18E0CF7E59 /* [CP] Check Pods Manifest.lock */ = {
			isa = PBXShellScriptBuildPhase;
			buildActionMask = 2147483647;
			files = (
			);
			inputFileListPaths = (
			);
			inputPaths = (
				"${PODS_PODFILE_DIR_PATH}/Podfile.lock",
				"${PODS_ROOT}/Manifest.lock",
			);
			name = "[CP] Check Pods Manifest.lock";
			outputFileListPaths = (
			);
			outputPaths = (
				"$(DERIVED_FILE_DIR)/Pods-yumehyaku-yumehyakuUITests-checkManifestLockResult.txt",
			);
			runOnlyForDeploymentPostprocessing = 0;
			shellPath = /bin/sh;
			shellScript = "diff \"${PODS_PODFILE_DIR_PATH}/Podfile.lock\" \"${PODS_ROOT}/Manifest.lock\" > /dev/null\nif [ $? != 0 ] ; then\n    # print error to STDERR\n    echo \"error: The sandbox is not in sync with the Podfile.lock. Run 'pod install' or update your CocoaPods installation.\" >&2\n    exit 1\nfi\n# This output is used by Xcode 'outputs' to avoid re-running this script phase.\necho \"SUCCESS\" > \"${SCRIPT_OUTPUT_FILE_0}\"\n";
			showEnvVarsInLog = 0;
		};
		5CB0E1072EC46C1AC3199805 /* [CP] Embed Pods Frameworks */ = {
			isa = PBXShellScriptBuildPhase;
			buildActionMask = 2147483647;
			files = (
			);
			inputFileListPaths = (
				"${PODS_ROOT}/Target Support Files/Pods-yumehyaku-yumehyakuUITests/Pods-yumehyaku-yumehyakuUITests-frameworks-${CONFIGURATION}-input-files.xcfilelist",
			);
			name = "[CP] Embed Pods Frameworks";
			outputFileListPaths = (
				"${PODS_ROOT}/Target Support Files/Pods-yumehyaku-yumehyakuUITests/Pods-yumehyaku-yumehyakuUITests-frameworks-${CONFIGURATION}-output-files.xcfilelist",
			);
			runOnlyForDeploymentPostprocessing = 0;
			shellPath = /bin/sh;
			shellScript = "\"${PODS_ROOT}/Target Support Files/Pods-yumehyaku-yumehyakuUITests/Pods-yumehyaku-yumehyakuUITests-frameworks.sh\"\n";
			showEnvVarsInLog = 0;
		};
		5E9528EBB68FE570896C666A /* [CP] Check Pods Manifest.lock */ = {
			isa = PBXShellScriptBuildPhase;
			buildActionMask = 2147483647;
			files = (
			);
			inputFileListPaths = (
			);
			inputPaths = (
				"${PODS_PODFILE_DIR_PATH}/Podfile.lock",
				"${PODS_ROOT}/Manifest.lock",
			);
			name = "[CP] Check Pods Manifest.lock";
			outputFileListPaths = (
			);
			outputPaths = (
				"$(DERIVED_FILE_DIR)/Pods-yumehyaku-checkManifestLockResult.txt",
			);
			runOnlyForDeploymentPostprocessing = 0;
			shellPath = /bin/sh;
			shellScript = "diff \"${PODS_PODFILE_DIR_PATH}/Podfile.lock\" \"${PODS_ROOT}/Manifest.lock\" > /dev/null\nif [ $? != 0 ] ; then\n    # print error to STDERR\n    echo \"error: The sandbox is not in sync with the Podfile.lock. Run 'pod install' or update your CocoaPods installation.\" >&2\n    exit 1\nfi\n# This output is used by Xcode 'outputs' to avoid re-running this script phase.\necho \"SUCCESS\" > \"${SCRIPT_OUTPUT_FILE_0}\"\n";
			showEnvVarsInLog = 0;
		};
		7C03002D6C5EF71CCD4D65ED /* [CP] Check Pods Manifest.lock */ = {
			isa = PBXShellScriptBuildPhase;
			buildActionMask = 2147483647;
			files = (
			);
			inputFileListPaths = (
			);
			inputPaths = (
				"${PODS_PODFILE_DIR_PATH}/Podfile.lock",
				"${PODS_ROOT}/Manifest.lock",
			);
			name = "[CP] Check Pods Manifest.lock";
			outputFileListPaths = (
			);
			outputPaths = (
				"$(DERIVED_FILE_DIR)/Pods-yumehyakuTests-checkManifestLockResult.txt",
			);
			runOnlyForDeploymentPostprocessing = 0;
			shellPath = /bin/sh;
			shellScript = "diff \"${PODS_PODFILE_DIR_PATH}/Podfile.lock\" \"${PODS_ROOT}/Manifest.lock\" > /dev/null\nif [ $? != 0 ] ; then\n    # print error to STDERR\n    echo \"error: The sandbox is not in sync with the Podfile.lock. Run 'pod install' or update your CocoaPods installation.\" >&2\n    exit 1\nfi\n# This output is used by Xcode 'outputs' to avoid re-running this script phase.\necho \"SUCCESS\" > \"${SCRIPT_OUTPUT_FILE_0}\"\n";
			showEnvVarsInLog = 0;
		};
/* End PBXShellScriptBuildPhase section */

/* Begin PBXSourcesBuildPhase section */
		3BAE24002A127B88004BB955 /* Sources */ = {
			isa = PBXSourcesBuildPhase;
			buildActionMask = 2147483647;
			files = (
				3BC7D7852A166E3600428D14 /* YumeViewModel.swift in Sources */,
				3BAE240C2A127B88004BB955 /* TopViewController.swift in Sources */,
				3B70D2992A1D074200D333BA /* messageAlert.swift in Sources */,
				3BC7D7832A166A4A00428D14 /* Yume.swift in Sources */,
				3BBAE5A62A1529960081B0DA /* YumelistCell.swift in Sources */,
				3B70D2942A17D17800D333BA /* InputGoalViewController.swift in Sources */,
				3BAE24082A127B88004BB955 /* AppDelegate.swift in Sources */,
				3BAE240A2A127B88004BB955 /* SceneDelegate.swift in Sources */,
			);
			runOnlyForDeploymentPostprocessing = 0;
		};
		3BAE24162A127B8B004BB955 /* Sources */ = {
			isa = PBXSourcesBuildPhase;
			buildActionMask = 2147483647;
			files = (
				3BAE241F2A127B8B004BB955 /* yumehyakuTests.swift in Sources */,
			);
			runOnlyForDeploymentPostprocessing = 0;
		};
		3BAE24202A127B8B004BB955 /* Sources */ = {
			isa = PBXSourcesBuildPhase;
			buildActionMask = 2147483647;
			files = (
				3BAE24292A127B8B004BB955 /* yumehyakuUITests.swift in Sources */,
				3BAE242B2A127B8B004BB955 /* yumehyakuUITestsLaunchTests.swift in Sources */,
			);
			runOnlyForDeploymentPostprocessing = 0;
		};
/* End PBXSourcesBuildPhase section */

/* Begin PBXTargetDependency section */
		3BAE241C2A127B8B004BB955 /* PBXTargetDependency */ = {
			isa = PBXTargetDependency;
			target = 3BAE24032A127B88004BB955 /* yumehyaku */;
			targetProxy = 3BAE241B2A127B8B004BB955 /* PBXContainerItemProxy */;
		};
		3BAE24262A127B8B004BB955 /* PBXTargetDependency */ = {
			isa = PBXTargetDependency;
			target = 3BAE24032A127B88004BB955 /* yumehyaku */;
			targetProxy = 3BAE24252A127B8B004BB955 /* PBXContainerItemProxy */;
		};
/* End PBXTargetDependency section */

/* Begin PBXVariantGroup section */
		3BAE240D2A127B88004BB955 /* Main.storyboard */ = {
			isa = PBXVariantGroup;
			children = (
				3BAE240E2A127B88004BB955 /* Base */,
			);
			name = Main.storyboard;
			sourceTree = "<group>";
		};
		3BAE24122A127B8A004BB955 /* LaunchScreen.storyboard */ = {
			isa = PBXVariantGroup;
			children = (
				3BAE24132A127B8A004BB955 /* Base */,
			);
			name = LaunchScreen.storyboard;
			sourceTree = "<group>";
		};
/* End PBXVariantGroup section */

/* Begin XCBuildConfiguration section */
		3BAE242C2A127B8B004BB955 /* Debug */ = {
			isa = XCBuildConfiguration;
			buildSettings = {
				ALWAYS_SEARCH_USER_PATHS = NO;
				CLANG_ANALYZER_NONNULL = YES;
				CLANG_ANALYZER_NUMBER_OBJECT_CONVERSION = YES_AGGRESSIVE;
				CLANG_CXX_LANGUAGE_STANDARD = "gnu++20";
				CLANG_ENABLE_MODULES = YES;
				CLANG_ENABLE_OBJC_ARC = YES;
				CLANG_ENABLE_OBJC_WEAK = YES;
				CLANG_WARN_BLOCK_CAPTURE_AUTORELEASING = YES;
				CLANG_WARN_BOOL_CONVERSION = YES;
				CLANG_WARN_COMMA = YES;
				CLANG_WARN_CONSTANT_CONVERSION = YES;
				CLANG_WARN_DEPRECATED_OBJC_IMPLEMENTATIONS = YES;
				CLANG_WARN_DIRECT_OBJC_ISA_USAGE = YES_ERROR;
				CLANG_WARN_DOCUMENTATION_COMMENTS = YES;
				CLANG_WARN_EMPTY_BODY = YES;
				CLANG_WARN_ENUM_CONVERSION = YES;
				CLANG_WARN_INFINITE_RECURSION = YES;
				CLANG_WARN_INT_CONVERSION = YES;
				CLANG_WARN_NON_LITERAL_NULL_CONVERSION = YES;
				CLANG_WARN_OBJC_IMPLICIT_RETAIN_SELF = YES;
				CLANG_WARN_OBJC_LITERAL_CONVERSION = YES;
				CLANG_WARN_OBJC_ROOT_CLASS = YES_ERROR;
				CLANG_WARN_QUOTED_INCLUDE_IN_FRAMEWORK_HEADER = YES;
				CLANG_WARN_RANGE_LOOP_ANALYSIS = YES;
				CLANG_WARN_STRICT_PROTOTYPES = YES;
				CLANG_WARN_SUSPICIOUS_MOVE = YES;
				CLANG_WARN_UNGUARDED_AVAILABILITY = YES_AGGRESSIVE;
				CLANG_WARN_UNREACHABLE_CODE = YES;
				CLANG_WARN__DUPLICATE_METHOD_MATCH = YES;
				COPY_PHASE_STRIP = NO;
				DEBUG_INFORMATION_FORMAT = dwarf;
				ENABLE_STRICT_OBJC_MSGSEND = YES;
				ENABLE_TESTABILITY = YES;
				GCC_C_LANGUAGE_STANDARD = gnu11;
				GCC_DYNAMIC_NO_PIC = NO;
				GCC_NO_COMMON_BLOCKS = YES;
				GCC_OPTIMIZATION_LEVEL = 0;
				GCC_PREPROCESSOR_DEFINITIONS = (
					"DEBUG=1",
					"$(inherited)",
				);
				GCC_WARN_64_TO_32_BIT_CONVERSION = YES;
				GCC_WARN_ABOUT_RETURN_TYPE = YES_ERROR;
				GCC_WARN_UNDECLARED_SELECTOR = YES;
				GCC_WARN_UNINITIALIZED_AUTOS = YES_AGGRESSIVE;
				GCC_WARN_UNUSED_FUNCTION = YES;
				GCC_WARN_UNUSED_VARIABLE = YES;
				IPHONEOS_DEPLOYMENT_TARGET = 16.2;
				MTL_ENABLE_DEBUG_INFO = INCLUDE_SOURCE;
				MTL_FAST_MATH = YES;
				ONLY_ACTIVE_ARCH = YES;
				SDKROOT = iphoneos;
				SWIFT_ACTIVE_COMPILATION_CONDITIONS = DEBUG;
				SWIFT_OPTIMIZATION_LEVEL = "-Onone";
			};
			name = Debug;
		};
		3BAE242D2A127B8B004BB955 /* Release */ = {
			isa = XCBuildConfiguration;
			buildSettings = {
				ALWAYS_SEARCH_USER_PATHS = NO;
				CLANG_ANALYZER_NONNULL = YES;
				CLANG_ANALYZER_NUMBER_OBJECT_CONVERSION = YES_AGGRESSIVE;
				CLANG_CXX_LANGUAGE_STANDARD = "gnu++20";
				CLANG_ENABLE_MODULES = YES;
				CLANG_ENABLE_OBJC_ARC = YES;
				CLANG_ENABLE_OBJC_WEAK = YES;
				CLANG_WARN_BLOCK_CAPTURE_AUTORELEASING = YES;
				CLANG_WARN_BOOL_CONVERSION = YES;
				CLANG_WARN_COMMA = YES;
				CLANG_WARN_CONSTANT_CONVERSION = YES;
				CLANG_WARN_DEPRECATED_OBJC_IMPLEMENTATIONS = YES;
				CLANG_WARN_DIRECT_OBJC_ISA_USAGE = YES_ERROR;
				CLANG_WARN_DOCUMENTATION_COMMENTS = YES;
				CLANG_WARN_EMPTY_BODY = YES;
				CLANG_WARN_ENUM_CONVERSION = YES;
				CLANG_WARN_INFINITE_RECURSION = YES;
				CLANG_WARN_INT_CONVERSION = YES;
				CLANG_WARN_NON_LITERAL_NULL_CONVERSION = YES;
				CLANG_WARN_OBJC_IMPLICIT_RETAIN_SELF = YES;
				CLANG_WARN_OBJC_LITERAL_CONVERSION = YES;
				CLANG_WARN_OBJC_ROOT_CLASS = YES_ERROR;
				CLANG_WARN_QUOTED_INCLUDE_IN_FRAMEWORK_HEADER = YES;
				CLANG_WARN_RANGE_LOOP_ANALYSIS = YES;
				CLANG_WARN_STRICT_PROTOTYPES = YES;
				CLANG_WARN_SUSPICIOUS_MOVE = YES;
				CLANG_WARN_UNGUARDED_AVAILABILITY = YES_AGGRESSIVE;
				CLANG_WARN_UNREACHABLE_CODE = YES;
				CLANG_WARN__DUPLICATE_METHOD_MATCH = YES;
				COPY_PHASE_STRIP = NO;
				DEBUG_INFORMATION_FORMAT = "dwarf-with-dsym";
				ENABLE_NS_ASSERTIONS = NO;
				ENABLE_STRICT_OBJC_MSGSEND = YES;
				GCC_C_LANGUAGE_STANDARD = gnu11;
				GCC_NO_COMMON_BLOCKS = YES;
				GCC_WARN_64_TO_32_BIT_CONVERSION = YES;
				GCC_WARN_ABOUT_RETURN_TYPE = YES_ERROR;
				GCC_WARN_UNDECLARED_SELECTOR = YES;
				GCC_WARN_UNINITIALIZED_AUTOS = YES_AGGRESSIVE;
				GCC_WARN_UNUSED_FUNCTION = YES;
				GCC_WARN_UNUSED_VARIABLE = YES;
				IPHONEOS_DEPLOYMENT_TARGET = 16.2;
				MTL_ENABLE_DEBUG_INFO = NO;
				MTL_FAST_MATH = YES;
				SDKROOT = iphoneos;
				SWIFT_COMPILATION_MODE = wholemodule;
				SWIFT_OPTIMIZATION_LEVEL = "-O";
				VALIDATE_PRODUCT = YES;
			};
			name = Release;
		};
		3BAE242F2A127B8B004BB955 /* Debug */ = {
			isa = XCBuildConfiguration;
			baseConfigurationReference = 33121BAB5E7E90DB87B97BB0 /* Pods-yumehyaku.debug.xcconfig */;
			buildSettings = {
				ASSETCATALOG_COMPILER_APPICON_NAME = AppIcon;
				ASSETCATALOG_COMPILER_GLOBAL_ACCENT_COLOR_NAME = AccentColor;
				CODE_SIGN_STYLE = Automatic;
				CURRENT_PROJECT_VERSION = 1;
				DEVELOPMENT_TEAM = 596D95CQ24;
				GENERATE_INFOPLIST_FILE = YES;
				INFOPLIST_FILE = yumehyaku/Info.plist;
				INFOPLIST_KEY_UIApplicationSupportsIndirectInputEvents = YES;
				INFOPLIST_KEY_UILaunchStoryboardName = LaunchScreen;
				INFOPLIST_KEY_UIMainStoryboardFile = Main;
				INFOPLIST_KEY_UISupportedInterfaceOrientations_iPad = "UIInterfaceOrientationPortrait UIInterfaceOrientationPortraitUpsideDown UIInterfaceOrientationLandscapeLeft UIInterfaceOrientationLandscapeRight";
				INFOPLIST_KEY_UISupportedInterfaceOrientations_iPhone = "UIInterfaceOrientationPortrait UIInterfaceOrientationLandscapeLeft UIInterfaceOrientationLandscapeRight";
				LD_RUNPATH_SEARCH_PATHS = (
					"$(inherited)",
					"@executable_path/Frameworks",
				);
				MARKETING_VERSION = 1.0;
				PRODUCT_BUNDLE_IDENTIFIER = com.kazuki.yumehyaku;
				PRODUCT_NAME = "$(TARGET_NAME)";
				SWIFT_EMIT_LOC_STRINGS = YES;
				SWIFT_VERSION = 5.0;
				TARGETED_DEVICE_FAMILY = "1,2";
			};
			name = Debug;
		};
		3BAE24302A127B8B004BB955 /* Release */ = {
			isa = XCBuildConfiguration;
			baseConfigurationReference = AAFB77F420ED5B76F127D6FE /* Pods-yumehyaku.release.xcconfig */;
			buildSettings = {
				ASSETCATALOG_COMPILER_APPICON_NAME = AppIcon;
				ASSETCATALOG_COMPILER_GLOBAL_ACCENT_COLOR_NAME = AccentColor;
				CODE_SIGN_STYLE = Automatic;
				CURRENT_PROJECT_VERSION = 1;
				DEVELOPMENT_TEAM = 596D95CQ24;
				GENERATE_INFOPLIST_FILE = YES;
				INFOPLIST_FILE = yumehyaku/Info.plist;
				INFOPLIST_KEY_UIApplicationSupportsIndirectInputEvents = YES;
				INFOPLIST_KEY_UILaunchStoryboardName = LaunchScreen;
				INFOPLIST_KEY_UIMainStoryboardFile = Main;
				INFOPLIST_KEY_UISupportedInterfaceOrientations_iPad = "UIInterfaceOrientationPortrait UIInterfaceOrientationPortraitUpsideDown UIInterfaceOrientationLandscapeLeft UIInterfaceOrientationLandscapeRight";
				INFOPLIST_KEY_UISupportedInterfaceOrientations_iPhone = "UIInterfaceOrientationPortrait UIInterfaceOrientationLandscapeLeft UIInterfaceOrientationLandscapeRight";
				LD_RUNPATH_SEARCH_PATHS = (
					"$(inherited)",
					"@executable_path/Frameworks",
				);
				MARKETING_VERSION = 1.0;
				PRODUCT_BUNDLE_IDENTIFIER = com.kazuki.yumehyaku;
				PRODUCT_NAME = "$(TARGET_NAME)";
				SWIFT_EMIT_LOC_STRINGS = YES;
				SWIFT_VERSION = 5.0;
				TARGETED_DEVICE_FAMILY = "1,2";
			};
			name = Release;
		};
		3BAE24322A127B8B004BB955 /* Debug */ = {
			isa = XCBuildConfiguration;
			baseConfigurationReference = E876996DF000BE70D2403A92 /* Pods-yumehyakuTests.debug.xcconfig */;
			buildSettings = {
				ALWAYS_EMBED_SWIFT_STANDARD_LIBRARIES = YES;
				BUNDLE_LOADER = "$(TEST_HOST)";
				CODE_SIGN_STYLE = Automatic;
				CURRENT_PROJECT_VERSION = 1;
				DEVELOPMENT_TEAM = 596D95CQ24;
				GENERATE_INFOPLIST_FILE = YES;
				IPHONEOS_DEPLOYMENT_TARGET = 16.2;
				MARKETING_VERSION = 1.0;
				PRODUCT_BUNDLE_IDENTIFIER = com.kazuki.yumehyakuTests;
				PRODUCT_NAME = "$(TARGET_NAME)";
				SWIFT_EMIT_LOC_STRINGS = NO;
				SWIFT_VERSION = 5.0;
				TARGETED_DEVICE_FAMILY = "1,2";
				TEST_HOST = "$(BUILT_PRODUCTS_DIR)/yumehyaku.app/$(BUNDLE_EXECUTABLE_FOLDER_PATH)/yumehyaku";
			};
			name = Debug;
		};
		3BAE24332A127B8B004BB955 /* Release */ = {
			isa = XCBuildConfiguration;
			baseConfigurationReference = C3FFCE2C32C68F07378EDFCE /* Pods-yumehyakuTests.release.xcconfig */;
			buildSettings = {
				ALWAYS_EMBED_SWIFT_STANDARD_LIBRARIES = YES;
				BUNDLE_LOADER = "$(TEST_HOST)";
				CODE_SIGN_STYLE = Automatic;
				CURRENT_PROJECT_VERSION = 1;
				DEVELOPMENT_TEAM = 596D95CQ24;
				GENERATE_INFOPLIST_FILE = YES;
				IPHONEOS_DEPLOYMENT_TARGET = 16.2;
				MARKETING_VERSION = 1.0;
				PRODUCT_BUNDLE_IDENTIFIER = com.kazuki.yumehyakuTests;
				PRODUCT_NAME = "$(TARGET_NAME)";
				SWIFT_EMIT_LOC_STRINGS = NO;
				SWIFT_VERSION = 5.0;
				TARGETED_DEVICE_FAMILY = "1,2";
				TEST_HOST = "$(BUILT_PRODUCTS_DIR)/yumehyaku.app/$(BUNDLE_EXECUTABLE_FOLDER_PATH)/yumehyaku";
			};
			name = Release;
		};
		3BAE24352A127B8B004BB955 /* Debug */ = {
			isa = XCBuildConfiguration;
			baseConfigurationReference = D857F7D025320E00A7BBFFF3 /* Pods-yumehyaku-yumehyakuUITests.debug.xcconfig */;
			buildSettings = {
				ALWAYS_EMBED_SWIFT_STANDARD_LIBRARIES = YES;
				CODE_SIGN_STYLE = Automatic;
				CURRENT_PROJECT_VERSION = 1;
				DEVELOPMENT_TEAM = 596D95CQ24;
				GENERATE_INFOPLIST_FILE = YES;
				MARKETING_VERSION = 1.0;
				PRODUCT_BUNDLE_IDENTIFIER = com.kazuki.yumehyakuUITests;
				PRODUCT_NAME = "$(TARGET_NAME)";
				SWIFT_EMIT_LOC_STRINGS = NO;
				SWIFT_VERSION = 5.0;
				TARGETED_DEVICE_FAMILY = "1,2";
				TEST_TARGET_NAME = yumehyaku;
			};
			name = Debug;
		};
		3BAE24362A127B8B004BB955 /* Release */ = {
			isa = XCBuildConfiguration;
			baseConfigurationReference = AB09910A3E8B356ABD4DAE25 /* Pods-yumehyaku-yumehyakuUITests.release.xcconfig */;
			buildSettings = {
				ALWAYS_EMBED_SWIFT_STANDARD_LIBRARIES = YES;
				CODE_SIGN_STYLE = Automatic;
				CURRENT_PROJECT_VERSION = 1;
				DEVELOPMENT_TEAM = 596D95CQ24;
				GENERATE_INFOPLIST_FILE = YES;
				MARKETING_VERSION = 1.0;
				PRODUCT_BUNDLE_IDENTIFIER = com.kazuki.yumehyakuUITests;
				PRODUCT_NAME = "$(TARGET_NAME)";
				SWIFT_EMIT_LOC_STRINGS = NO;
				SWIFT_VERSION = 5.0;
				TARGETED_DEVICE_FAMILY = "1,2";
				TEST_TARGET_NAME = yumehyaku;
			};
			name = Release;
		};
/* End XCBuildConfiguration section */

/* Begin XCConfigurationList section */
		3BAE23FF2A127B88004BB955 /* Build configuration list for PBXProject "yumehyaku" */ = {
			isa = XCConfigurationList;
			buildConfigurations = (
				3BAE242C2A127B8B004BB955 /* Debug */,
				3BAE242D2A127B8B004BB955 /* Release */,
			);
			defaultConfigurationIsVisible = 0;
			defaultConfigurationName = Release;
		};
		3BAE242E2A127B8B004BB955 /* Build configuration list for PBXNativeTarget "yumehyaku" */ = {
			isa = XCConfigurationList;
			buildConfigurations = (
				3BAE242F2A127B8B004BB955 /* Debug */,
				3BAE24302A127B8B004BB955 /* Release */,
			);
			defaultConfigurationIsVisible = 0;
			defaultConfigurationName = Release;
		};
		3BAE24312A127B8B004BB955 /* Build configuration list for PBXNativeTarget "yumehyakuTests" */ = {
			isa = XCConfigurationList;
			buildConfigurations = (
				3BAE24322A127B8B004BB955 /* Debug */,
				3BAE24332A127B8B004BB955 /* Release */,
			);
			defaultConfigurationIsVisible = 0;
			defaultConfigurationName = Release;
		};
		3BAE24342A127B8B004BB955 /* Build configuration list for PBXNativeTarget "yumehyakuUITests" */ = {
			isa = XCConfigurationList;
			buildConfigurations = (
				3BAE24352A127B8B004BB955 /* Debug */,
				3BAE24362A127B8B004BB955 /* Release */,
			);
			defaultConfigurationIsVisible = 0;
			defaultConfigurationName = Release;
		};
/* End XCConfigurationList section */
	};
	rootObject = 3BAE23FC2A127B88004BB955 /* Project object */;
}
